
Microsoft Visual Studio Solution File, Format Version 12.00
# Visual Studio Version 16
VisualStudioVersion = 16.0.30523.141
MinimumVisualStudioVersion = 10.0.40219.1
Project("{FAE04EC0-301F-11D3-BF4B-00C04F79EFBC}") = "Natuurelementen", "Natuurelementen\Natuurelementen.csproj", "{66BCBC57-5ACC-40A2-A972-6D809BD1ECA3}"
EndProject
Global
	GlobalSection(SolutionConfigurationPlatforms) = preSolution
		Debug|Any CPU = Debug|Any CPU
		Release|Any CPU = Release|Any CPU
	EndGlobalSection
	GlobalSection(ProjectConfigurationPlatforms) = postSolution
		{66BCBC57-5ACC-40A2-A972-6D809BD1ECA3}.Debug|Any CPU.ActiveCfg = Debug|Any CPU
		{66BCBC57-5ACC-40A2-A972-6D809BD1ECA3}.Debug|Any CPU.Build.0 = Debug|Any CPU
		{66BCBC57-5ACC-40A2-A972-6D809BD1ECA3}.Release|Any CPU.ActiveCfg = Release|Any CPU
		{66BCBC57-5ACC-40A2-A972-6D809BD1ECA3}.Release|Any CPU.Build.0 = Release|Any CPU
	EndGlobalSection
	GlobalSection(SolutionProperties) = preSolution
		HideSolutionNode = FALSE
	EndGlobalSection
	GlobalSection(ExtensibilityGlobals) = postSolution
		SolutionGuid = {F661C9D2-3619-490F-81F6-72ED2E976604}
	EndGlobalSection
EndGlobal
